
Microsoft Visual Studio Solution File, Format Version 12.00
# Visual Studio 15
VisualStudioVersion = 15.0.27703.2035
MinimumVisualStudioVersion = 10.0.40219.1
Project("{9A19103F-16F7-4668-BE54-9A1E7A4F7556}") = "Task4WebApp", "Task4WebApp\Task4WebApp.csproj", "{BBEE24FF-68C9-4D8E-AE9A-0DA89C5372FD}"
EndProject
Project("{9A19103F-16F7-4668-BE54-9A1E7A4F7556}") = "DALProject", "RepositoryProject\DALProject.csproj", "{F07FECA2-5D71-494E-B26F-1F65B7BB5B75}"
EndProject
Project("{9A19103F-16F7-4668-BE54-9A1E7A4F7556}") = "AirportService", "AirportService\AirportService.csproj", "{5393E4EF-1715-4B2F-A431-EC0F8C3F1F8C}"
EndProject
Project("{9A19103F-16F7-4668-BE54-9A1E7A4F7556}") = "DTOLibrary", "DTOLibrary\DTOLibrary.csproj", "{DC750F03-4F4B-4B3A-B149-D2B232C38ADF}"
EndProject
Project("{FAE04EC0-301F-11D3-BF4B-00C04F79EFBC}") = "Task4WebAppTests", "Task4WebAppTests\Task4WebAppTests.csproj", "{93B9C238-92EB-494E-98DE-C1BF812B1B7A}"
EndProject
Global
	GlobalSection(SolutionConfigurationPlatforms) = preSolution
		Debug|Any CPU = Debug|Any CPU
		Release|Any CPU = Release|Any CPU
	EndGlobalSection
	GlobalSection(ProjectConfigurationPlatforms) = postSolution
		{BBEE24FF-68C9-4D8E-AE9A-0DA89C5372FD}.Debug|Any CPU.ActiveCfg = Debug|Any CPU
		{BBEE24FF-68C9-4D8E-AE9A-0DA89C5372FD}.Debug|Any CPU.Build.0 = Debug|Any CPU
		{BBEE24FF-68C9-4D8E-AE9A-0DA89C5372FD}.Release|Any CPU.ActiveCfg = Release|Any CPU
		{BBEE24FF-68C9-4D8E-AE9A-0DA89C5372FD}.Release|Any CPU.Build.0 = Release|Any CPU
		{F07FECA2-5D71-494E-B26F-1F65B7BB5B75}.Debug|Any CPU.ActiveCfg = Debug|Any CPU
		{F07FECA2-5D71-494E-B26F-1F65B7BB5B75}.Debug|Any CPU.Build.0 = Debug|Any CPU
		{F07FECA2-5D71-494E-B26F-1F65B7BB5B75}.Release|Any CPU.ActiveCfg = Release|Any CPU
		{F07FECA2-5D71-494E-B26F-1F65B7BB5B75}.Release|Any CPU.Build.0 = Release|Any CPU
		{5393E4EF-1715-4B2F-A431-EC0F8C3F1F8C}.Debug|Any CPU.ActiveCfg = Debug|Any CPU
		{5393E4EF-1715-4B2F-A431-EC0F8C3F1F8C}.Debug|Any CPU.Build.0 = Debug|Any CPU
		{5393E4EF-1715-4B2F-A431-EC0F8C3F1F8C}.Release|Any CPU.ActiveCfg = Release|Any CPU
		{5393E4EF-1715-4B2F-A431-EC0F8C3F1F8C}.Release|Any CPU.Build.0 = Release|Any CPU
		{DC750F03-4F4B-4B3A-B149-D2B232C38ADF}.Debug|Any CPU.ActiveCfg = Debug|Any CPU
		{DC750F03-4F4B-4B3A-B149-D2B232C38ADF}.Debug|Any CPU.Build.0 = Debug|Any CPU
		{DC750F03-4F4B-4B3A-B149-D2B232C38ADF}.Release|Any CPU.ActiveCfg = Release|Any CPU
		{DC750F03-4F4B-4B3A-B149-D2B232C38ADF}.Release|Any CPU.Build.0 = Release|Any CPU
		{93B9C238-92EB-494E-98DE-C1BF812B1B7A}.Debug|Any CPU.ActiveCfg = Debug|Any CPU
		{93B9C238-92EB-494E-98DE-C1BF812B1B7A}.Debug|Any CPU.Build.0 = Debug|Any CPU
		{93B9C238-92EB-494E-98DE-C1BF812B1B7A}.Release|Any CPU.ActiveCfg = Release|Any CPU
		{93B9C238-92EB-494E-98DE-C1BF812B1B7A}.Release|Any CPU.Build.0 = Release|Any CPU
	EndGlobalSection
	GlobalSection(SolutionProperties) = preSolution
		HideSolutionNode = FALSE
	EndGlobalSection
	GlobalSection(ExtensibilityGlobals) = postSolution
		SolutionGuid = {93E9E61E-59A8-40FC-9756-55AF56CE17F8}
	EndGlobalSection
EndGlobal
